
Microsoft Visual Studio Solution File, Format Version 12.00
# Visual Studio Version 17
VisualStudioVersion = 17.8.34511.84
MinimumVisualStudioVersion = 10.0.40219.1
Project("{FAE04EC0-301F-11D3-BF4B-00C04F79EFBC}") = "WebAppAssiut", "WebAppAssiut\WebAppAssiut.csproj", "{38799C93-C39C-4158-910D-082181B59773}"
EndProject
Global
	GlobalSection(SolutionConfigurationPlatforms) = preSolution
		Debug|Any CPU = Debug|Any CPU
		Release|Any CPU = Release|Any CPU
	EndGlobalSection
	GlobalSection(ProjectConfigurationPlatforms) = postSolution
		{38799C93-C39C-4158-910D-082181B59773}.Debug|Any CPU.ActiveCfg = Debug|Any CPU
		{38799C93-C39C-4158-910D-082181B59773}.Debug|Any CPU.Build.0 = Debug|Any CPU
		{38799C93-C39C-4158-910D-082181B59773}.Release|Any CPU.ActiveCfg = Release|Any CPU
		{38799C93-C39C-4158-910D-082181B59773}.Release|Any CPU.Build.0 = Release|Any CPU
	EndGlobalSection
	GlobalSection(SolutionProperties) = preSolution
		HideSolutionNode = FALSE
	EndGlobalSection
	GlobalSection(ExtensibilityGlobals) = postSolution
		SolutionGuid = {12EDD3D5-D349-471C-95E2-CABFE0FAA919}
	EndGlobalSection
EndGlobal
